<?xml version="1.0" encoding="UTF-8"?>
<CONFIG>
  <ProjectOptions><Version Value="12"/><General><Title Value="OpenDisk Quick Look Demo"/></General><RequiredPackages><Item><PackageName Value="LCL"/></Item></RequiredPackages><Units><Unit><Filename Value="quicklook_demo.lpr"/><IsPartOfProject Value="True"/></Unit></Units></ProjectOptions>
  <CompilerOptions><Target><Filename Value="quicklook_demo"/></Target><SearchPaths><OtherUnitFiles Value="../src/gui;../src/units"/><UnitOutputDirectory Value="lib"/></SearchPaths><Debugging><DebugInfoType Value="dsNone"/></Debugging></CompilerOptions>
</CONFIG>
