<?xml version="1.0" encoding="UTF-8"?>
<CONFIG>
  <ProjectOptions>
    <Version Value="12"/>
    <General><Title Value="ScanStatusBar Demo"/></General>
    <RequiredPackages><Item><PackageName Value="LCL"/></Item></RequiredPackages>
    <Units><Unit><Filename Value="settings_demo.lpr"/><IsPartOfProject Value="True"/></Unit></Units>
  </ProjectOptions>
  <CompilerOptions>
    <Target><Filename Value="settings_demo"/></Target>
    <SearchPaths><OtherUnitFiles Value="../src/gui;../src/units"/><UnitOutputDirectory Value="lib"/></SearchPaths>
    <Linking><LinkSmart Value="False"/></Linking>
  </CompilerOptions>
</CONFIG>
